
Microsoft Visual Studio Solution File, Format Version 12.00
# Visual Studio Version 17
VisualStudioVersion = 17.8.34330.188
MinimumVisualStudioVersion = 10.0.40219.1
Project("{FAE04EC0-301F-11D3-BF4B-00C04F79EFBC}") = "EmbeddedResourceExtracter", "EmbeddedResourceExtracter\EmbeddedResourceExtracter.csproj", "{420001AD-3575-496E-A773-AFEA46BCF362}"
EndProject
Global
	GlobalSection(SolutionConfigurationPlatforms) = preSolution
		Debug|Any CPU = Debug|Any CPU
		Release|Any CPU = Release|Any CPU
	EndGlobalSection
	GlobalSection(ProjectConfigurationPlatforms) = postSolution
		{420001AD-3575-496E-A773-AFEA46BCF362}.Debug|Any CPU.ActiveCfg = Debug|Any CPU
		{420001AD-3575-496E-A773-AFEA46BCF362}.Debug|Any CPU.Build.0 = Debug|Any CPU
		{420001AD-3575-496E-A773-AFEA46BCF362}.Release|Any CPU.ActiveCfg = Release|Any CPU
		{420001AD-3575-496E-A773-AFEA46BCF362}.Release|Any CPU.Build.0 = Release|Any CPU
	EndGlobalSection
	GlobalSection(SolutionProperties) = preSolution
		HideSolutionNode = FALSE
	EndGlobalSection
	GlobalSection(ExtensibilityGlobals) = postSolution
		SolutionGuid = {97FD1170-F5EC-4D54-A73E-810C95C1E889}
	EndGlobalSection
EndGlobal
